github.com/lxn/win v0.0.0-20210218163916-a377121e959e h1:H+t6A/QJMbhCSEH5rAuRxh+CtW96g0Or0Fxa9IKr4uc=
github.com/lxn/win v0.0.0-20210218163916-a377121e959e/go.mod h1:KxxjdtRkfNoYDCUP5ryK7XJJNTnpC8atvtmTheChOtk=
github.com/neurlang/wayland v0.3.0 h1:kf3sg5IXB7fj8cs9Mlw9eG5eEh49zJDjRMC+f0bzcoo=
github.com/neurlang/wayland v0.3.0/go.mod h1:YKS+7tdgk07sNzFBF1Xd50Fwf+7ecrFBYaW+6+l5O08=
github.com/yalue/native_endian v1.0.2 h1:e4SxBbaCoOOO4E3axd7FSriUhzc1bIzqZGG5jl6Evbg=
github.com/yalue/native_endian v1.0.2/go.mod h1:cr+I2WnCwDkkPV0DvgBpGQkJV12CDWR5bAoMtT+56iE=
golang.org/x/sys v0.0.0-20201018230417-eeed37f84f13/go.mod h1:h1NjWce9XRLGQEsW7wpKNCjG9DtNlClVuFLEZdDNbEs=
golang.org/x/sys v0.40.0 h1:DBZZqJ2Rkml6QMQsZywtnjnnGvHza6BTfYFWY9kjEWQ=
golang.org/x/sys v0.40.0/go.mod h1:OgkHotnGiDImocRcuBABYBEXf8A9a87e/uXjp9XT3ks=
